
Microsoft Visual Studio Solution File, Format Version 12.00
# Visual Studio Version 17
VisualStudioVersion = 17.0.32014.148
MinimumVisualStudioVersion = 10.0.40219.1
Project("{9A19103F-16F7-4668-BE54-9A1E7A4F7556}") = "BehKhaanEF", "BehKhaanEF\BehKhaanEF.csproj", "{81996473-D717-49A3-9D12-6F07E5C29D45}"
EndProject
Project("{2150E333-8FDC-42A3-9474-1A3956D46DE8}") = "0. Domain", "0. Domain", "{7CCFC6A4-53D6-4A62-A4D1-7EAF6198799A}"
EndProject
Project("{FAE04EC0-301F-11D3-BF4B-00C04F79EFBC}") = "BehKhaan.Domain", "BehKhaan.Domain\BehKhaan.Domain.csproj", "{AF3E7C06-1EBE-469A-B902-CC5CA51D9986}"
EndProject
Project("{2150E333-8FDC-42A3-9474-1A3956D46DE8}") = "1. Infrastructure", "1. Infrastructure", "{4B37991D-B901-4C06-B514-459DBAF951AB}"
EndProject
Project("{FAE04EC0-301F-11D3-BF4B-00C04F79EFBC}") = "BehKhaan.Infrastructure", "BehKhaan.Infrastructure\BehKhaan.Infrastructure.csproj", "{AE09C260-5FB3-45BE-9F80-3EB1985A5165}"
EndProject
Global
	GlobalSection(SolutionConfigurationPlatforms) = preSolution
		Debug|Any CPU = Debug|Any CPU
		Release|Any CPU = Release|Any CPU
	EndGlobalSection
	GlobalSection(ProjectConfigurationPlatforms) = postSolution
		{81996473-D717-49A3-9D12-6F07E5C29D45}.Debug|Any CPU.ActiveCfg = Debug|Any CPU
		{81996473-D717-49A3-9D12-6F07E5C29D45}.Debug|Any CPU.Build.0 = Debug|Any CPU
		{81996473-D717-49A3-9D12-6F07E5C29D45}.Release|Any CPU.ActiveCfg = Release|Any CPU
		{81996473-D717-49A3-9D12-6F07E5C29D45}.Release|Any CPU.Build.0 = Release|Any CPU
		{AF3E7C06-1EBE-469A-B902-CC5CA51D9986}.Debug|Any CPU.ActiveCfg = Debug|Any CPU
		{AF3E7C06-1EBE-469A-B902-CC5CA51D9986}.Debug|Any CPU.Build.0 = Debug|Any CPU
		{AF3E7C06-1EBE-469A-B902-CC5CA51D9986}.Release|Any CPU.ActiveCfg = Release|Any CPU
		{AF3E7C06-1EBE-469A-B902-CC5CA51D9986}.Release|Any CPU.Build.0 = Release|Any CPU
		{AE09C260-5FB3-45BE-9F80-3EB1985A5165}.Debug|Any CPU.ActiveCfg = Debug|Any CPU
		{AE09C260-5FB3-45BE-9F80-3EB1985A5165}.Debug|Any CPU.Build.0 = Debug|Any CPU
		{AE09C260-5FB3-45BE-9F80-3EB1985A5165}.Release|Any CPU.ActiveCfg = Release|Any CPU
		{AE09C260-5FB3-45BE-9F80-3EB1985A5165}.Release|Any CPU.Build.0 = Release|Any CPU
	EndGlobalSection
	GlobalSection(SolutionProperties) = preSolution
		HideSolutionNode = FALSE
	EndGlobalSection
	GlobalSection(NestedProjects) = preSolution
		{AF3E7C06-1EBE-469A-B902-CC5CA51D9986} = {7CCFC6A4-53D6-4A62-A4D1-7EAF6198799A}
		{AE09C260-5FB3-45BE-9F80-3EB1985A5165} = {4B37991D-B901-4C06-B514-459DBAF951AB}
	EndGlobalSection
	GlobalSection(ExtensibilityGlobals) = postSolution
		SolutionGuid = {DE50F66E-0C07-4E2F-98E9-2DD79C9E7163}
	EndGlobalSection
EndGlobal
